{
  "requires": true,
  "lockfileVersion": 1,
  "dependencies": {
    "v-validate": {
      "version": "0.1.4",
      "resolved": "https://registry.npmjs.org/v-validate/-/v-validate-0.1.4.tgz",
      "integrity": "sha1-vsWBHEJiX0ZyzQqMDAHAAC8/t9A="
    },
    "vee-validate": {
      "version": "2.0.6",
      "resolved": "https://registry.npmjs.org/vee-validate/-/vee-validate-2.0.6.tgz",
      "integrity": "sha512-FdUsDvj+gysFfvGa9CJPn2ZgDR8ZmPafPFtzIh9qfj3cjxMXOVG5ysnk82IEBosWJi8pnnLZOZhtx/oEV83w8Q=="
    },
    "vue": {
      "version": "2.5.16",
      "resolved": "https://registry.npmjs.org/vue/-/vue-2.5.16.tgz",
      "integrity": "sha512-/ffmsiVuPC8PsWcFkZngdpas19ABm5mh2wA7iDqcltyCTwlgZjHGeJYOXkBMo422iPwIcviOtrTCUpSfXmToLQ==",
      "dev": true
    }
  }
}
